// !$*UTF8*$!
{
	archiveVersion = 1;
	classes = {
	};
	objectVersion = 46;
	objects = {

/* Begin PBXGroup section */
		FB3E42F51E51E28100F7C066 = {
			isa = PBXGroup;
			children = (
			);
			sourceTree = "<group>";
		};
/* End PBXGroup section */

/* Begin PBXProject section */
		FB3E42F61E51E28100F7C066 /* Project object */ = {
			isa = PBXProject;
			attributes = {
				LastUpgradeCheck = 0820;
			};
			buildConfigurationList = FB3E42F91E51E28100F7C066 /* Build configuration list for PBXProject "SwiftNet" */;
			compatibilityVersion = "Xcode 3.2";
			developmentRegion = English;
			hasScannedForEncodings = 0;
			knownRegions = (
				en,
			);
			mainGroup = FB3E42F51E51E28100F7C066;
			projectDirPath = "";
			projectRoot = "";
			targets = (
			);
		};
/* End PBXProject section */

/* Begin XCBuildConfiguration section */
		FB3E42FA1E51E28100F7C066 /* Debug */ = {
			isa = XCBuildConfiguration;
			buildSettings = {
			};
			name = Debug;
		};
		FB3E42FB1E51E28100F7C066 /* Release */ = {
			isa = XCBuildConfiguration;
			buildSettings = {
			};
			name = Release;
		};
/* End XCBuildConfiguration section */

/* Begin XCConfigurationList section */
		FB3E42F91E51E28100F7C066 /* Build configuration list for PBXProject "SwiftNet" */ = {
			isa = XCConfigurationList;
			buildConfigurations = (
				FB3E42FA1E51E28100F7C066 /* Debug */,
				FB3E42FB1E51E28100F7C066 /* Release */,
			);
			defaultConfigurationIsVisible = 0;
			defaultConfigurationName = Release;
		};
/* End XCConfigurationList section */
	};
	rootObject = FB3E42F61E51E28100F7C066 /* Project object */;
}
